
Microsoft Visual Studio Solution File, Format Version 12.00
# Visual Studio 15
Project("{FAE04EC0-301F-11D3-BF4B-00C04F79EFBC}") = "Xamarin.iOS.Worldpay.Access.Checkout", "src\Xamarin.iOS.Worldpay.Access.Checkout.csproj", "{5CCD6B46-E3E8-4B1A-A071-C9B4E9763EB0}"
EndProject
Project("{FAE04EC0-301F-11D3-BF4B-00C04F79EFBC}") = "SampleApp.iOS", "samples\SampleApp.iOS.csproj", "{3D3CBA69-4504-4E6B-8FFC-5BE001AD3950}"
EndProject
Global
	GlobalSection(SolutionConfigurationPlatforms) = preSolution
		Debug|Any CPU = Debug|Any CPU
		Release|Any CPU = Release|Any CPU
		Debug|iPhoneSimulator = Debug|iPhoneSimulator
		Release|iPhoneSimulator = Release|iPhoneSimulator
		Debug|iPhone = Debug|iPhone
		Release|iPhone = Release|iPhone
	EndGlobalSection
	GlobalSection(ProjectConfigurationPlatforms) = postSolution
		{5CCD6B46-E3E8-4B1A-A071-C9B4E9763EB0}.Debug|Any CPU.ActiveCfg = Debug|Any CPU
		{5CCD6B46-E3E8-4B1A-A071-C9B4E9763EB0}.Debug|Any CPU.Build.0 = Debug|Any CPU
		{5CCD6B46-E3E8-4B1A-A071-C9B4E9763EB0}.Release|Any CPU.ActiveCfg = Release|Any CPU
		{5CCD6B46-E3E8-4B1A-A071-C9B4E9763EB0}.Release|Any CPU.Build.0 = Release|Any CPU
		{5CCD6B46-E3E8-4B1A-A071-C9B4E9763EB0}.Debug|iPhoneSimulator.ActiveCfg = Debug|Any CPU
		{5CCD6B46-E3E8-4B1A-A071-C9B4E9763EB0}.Debug|iPhoneSimulator.Build.0 = Debug|Any CPU
		{5CCD6B46-E3E8-4B1A-A071-C9B4E9763EB0}.Release|iPhoneSimulator.ActiveCfg = Release|Any CPU
		{5CCD6B46-E3E8-4B1A-A071-C9B4E9763EB0}.Release|iPhoneSimulator.Build.0 = Release|Any CPU
		{5CCD6B46-E3E8-4B1A-A071-C9B4E9763EB0}.Debug|iPhone.ActiveCfg = Debug|Any CPU
		{5CCD6B46-E3E8-4B1A-A071-C9B4E9763EB0}.Debug|iPhone.Build.0 = Debug|Any CPU
		{5CCD6B46-E3E8-4B1A-A071-C9B4E9763EB0}.Release|iPhone.ActiveCfg = Release|Any CPU
		{5CCD6B46-E3E8-4B1A-A071-C9B4E9763EB0}.Release|iPhone.Build.0 = Release|Any CPU
		{3D3CBA69-4504-4E6B-8FFC-5BE001AD3950}.Debug|Any CPU.ActiveCfg = Debug|iPhoneSimulator
		{3D3CBA69-4504-4E6B-8FFC-5BE001AD3950}.Debug|Any CPU.Build.0 = Debug|iPhoneSimulator
		{3D3CBA69-4504-4E6B-8FFC-5BE001AD3950}.Release|Any CPU.ActiveCfg = Release|iPhoneSimulator
		{3D3CBA69-4504-4E6B-8FFC-5BE001AD3950}.Release|Any CPU.Build.0 = Release|iPhoneSimulator
		{3D3CBA69-4504-4E6B-8FFC-5BE001AD3950}.Debug|iPhoneSimulator.ActiveCfg = Debug|iPhoneSimulator
		{3D3CBA69-4504-4E6B-8FFC-5BE001AD3950}.Debug|iPhoneSimulator.Build.0 = Debug|iPhoneSimulator
		{3D3CBA69-4504-4E6B-8FFC-5BE001AD3950}.Release|iPhoneSimulator.ActiveCfg = Release|iPhoneSimulator
		{3D3CBA69-4504-4E6B-8FFC-5BE001AD3950}.Release|iPhoneSimulator.Build.0 = Release|iPhoneSimulator
		{3D3CBA69-4504-4E6B-8FFC-5BE001AD3950}.Debug|iPhone.ActiveCfg = Debug|iPhone
		{3D3CBA69-4504-4E6B-8FFC-5BE001AD3950}.Debug|iPhone.Build.0 = Debug|iPhone
		{3D3CBA69-4504-4E6B-8FFC-5BE001AD3950}.Release|iPhone.ActiveCfg = Release|iPhone
		{3D3CBA69-4504-4E6B-8FFC-5BE001AD3950}.Release|iPhone.Build.0 = Release|iPhone
	EndGlobalSection
	GlobalSection(NestedProjects) = preSolution
	EndGlobalSection
EndGlobal
